
Microsoft Visual Studio Solution File, Format Version 10.00
# Visual Studio 2008
Project("{FAE04EC0-301F-11D3-BF4B-00C04F79EFBC}") = "Lamtest", "Lamtest\Lamtest.csproj", "{746825D0-8BD6-4A4A-B3E7-7ED903183EA4}"
EndProject
Project("{2150E333-8FDC-42A3-9474-1A3956D46DE8}") = "Solution Items", "Solution Items", "{88F79A70-3199-49F4-AE3D-1014ED471AC6}"
	ProjectSection(SolutionItems) = preProject
		Lamtest\FTD2XX_NETclass.cs = Lamtest\FTD2XX_NETclass.cs
		Lamtest.vsmdi = Lamtest.vsmdi
	EndProjectSection
EndProject
Global
	GlobalSection(TestCaseManagementSettings) = postSolution
		CategoryFile = Lamtest.vsmdi
	EndGlobalSection
	GlobalSection(SolutionConfigurationPlatforms) = preSolution
		Debug|Any CPU = Debug|Any CPU
		Release|Any CPU = Release|Any CPU
	EndGlobalSection
	GlobalSection(ProjectConfigurationPlatforms) = postSolution
		{746825D0-8BD6-4A4A-B3E7-7ED903183EA4}.Debug|Any CPU.ActiveCfg = Release|Any CPU
		{746825D0-8BD6-4A4A-B3E7-7ED903183EA4}.Debug|Any CPU.Build.0 = Release|Any CPU
		{746825D0-8BD6-4A4A-B3E7-7ED903183EA4}.Release|Any CPU.ActiveCfg = Release|Any CPU
		{746825D0-8BD6-4A4A-B3E7-7ED903183EA4}.Release|Any CPU.Build.0 = Release|Any CPU
	EndGlobalSection
	GlobalSection(SolutionProperties) = preSolution
		HideSolutionNode = FALSE
	EndGlobalSection
EndGlobal
